
Microsoft Visual Studio Solution File, Format Version 12.00
# Visual Studio Version 17
VisualStudioVersion = 17.0.31512.422
MinimumVisualStudioVersion = 10.0.40219.1
Project("{FAE04EC0-301F-11D3-BF4B-00C04F79EFBC}") = "bramerto-rob 2.0", "bramerto-rob 2.0\bramerto-rob 2.0.csproj", "{F437E9AA-6470-404B-A19C-3E664E616D71}"
EndProject
Global
	GlobalSection(SolutionConfigurationPlatforms) = preSolution
		Debug|Any CPU = Debug|Any CPU
		Release|Any CPU = Release|Any CPU
	EndGlobalSection
	GlobalSection(ProjectConfigurationPlatforms) = postSolution
		{F437E9AA-6470-404B-A19C-3E664E616D71}.Debug|Any CPU.ActiveCfg = Debug|Any CPU
		{F437E9AA-6470-404B-A19C-3E664E616D71}.Debug|Any CPU.Build.0 = Debug|Any CPU
		{F437E9AA-6470-404B-A19C-3E664E616D71}.Release|Any CPU.ActiveCfg = Release|Any CPU
		{F437E9AA-6470-404B-A19C-3E664E616D71}.Release|Any CPU.Build.0 = Release|Any CPU
	EndGlobalSection
	GlobalSection(SolutionProperties) = preSolution
		HideSolutionNode = FALSE
	EndGlobalSection
	GlobalSection(ExtensibilityGlobals) = postSolution
		SolutionGuid = {29C2D809-08BF-4533-ACA9-6CE5EE2E6E78}
	EndGlobalSection
EndGlobal
